
Microsoft Visual Studio Solution File, Format Version 12.00
# Visual Studio Version 17
VisualStudioVersion = 17.8.34511.84
MinimumVisualStudioVersion = 10.0.40219.1
Project("{FAE04EC0-301F-11D3-BF4B-00C04F79EFBC}") = "RateioCustos", "RateioCustos\RateioCustos.csproj", "{FBA0E7CB-52A3-463B-A5D9-B54442A4577C}"
EndProject
Global
	GlobalSection(SolutionConfigurationPlatforms) = preSolution
		Debug|Any CPU = Debug|Any CPU
		Release|Any CPU = Release|Any CPU
	EndGlobalSection
	GlobalSection(ProjectConfigurationPlatforms) = postSolution
		{FBA0E7CB-52A3-463B-A5D9-B54442A4577C}.Debug|Any CPU.ActiveCfg = Debug|Any CPU
		{FBA0E7CB-52A3-463B-A5D9-B54442A4577C}.Debug|Any CPU.Build.0 = Debug|Any CPU
		{FBA0E7CB-52A3-463B-A5D9-B54442A4577C}.Release|Any CPU.ActiveCfg = Release|Any CPU
		{FBA0E7CB-52A3-463B-A5D9-B54442A4577C}.Release|Any CPU.Build.0 = Release|Any CPU
	EndGlobalSection
	GlobalSection(SolutionProperties) = preSolution
		HideSolutionNode = FALSE
	EndGlobalSection
	GlobalSection(ExtensibilityGlobals) = postSolution
		SolutionGuid = {826FE4D5-E035-4776-B758-AD047645EAE8}
	EndGlobalSection
EndGlobal
